
Microsoft Visual Studio Solution File, Format Version 12.00
# Visual Studio Version 17
VisualStudioVersion = 17.0.32014.148
MinimumVisualStudioVersion = 10.0.40219.1
Project("{2150E333-8FDC-42A3-9474-1A3956D46DE8}") = "Solution Items", "Solution Items", "{98CC72AA-F2E4-47A9-BD69-89625A06AFB3}"
	ProjectSection(SolutionItems) = preProject
		.editorconfig = .editorconfig
	EndProjectSection
EndProject
Project("{9A19103F-16F7-4668-BE54-9A1E7A4F7556}") = "JoeScan.LogScanner.Shared", "JoeScan.LogScanner.Shared\JoeScan.LogScanner.Shared.csproj", "{247D23F7-981E-4875-9623-AE2BFD691241}"
EndProject
Project("{9A19103F-16F7-4668-BE54-9A1E7A4F7556}") = "JoeScan.LogScanner.Core", "JoeScan.LogScanner.Core\JoeScan.LogScanner.Core.csproj", "{680E7FBB-3D78-48E7-8E12-F7C1EF729ADC}"
EndProject
Project("{9A19103F-16F7-4668-BE54-9A1E7A4F7556}") = "JoeScan.LogScanner.Core.Tests", "JoeScan.LogScanner.Core.Tests\JoeScan.LogScanner.Core.Tests.csproj", "{CC39FCDA-995E-4FC8-974B-3CC38EB35CB5}"
EndProject
Project("{9A19103F-16F7-4668-BE54-9A1E7A4F7556}") = "JoeScan.LogScanner.Service", "JoeScan.LogScanner.Headless\JoeScan.LogScanner.Service.csproj", "{D0A5053C-FCF7-475B-BCAB-0CEDCE3C1BB3}"
EndProject
Project("{2150E333-8FDC-42A3-9474-1A3956D46DE8}") = "Adapters", "Adapters", "{AAE979EA-E80F-4784-9503-2176681A6F36}"
EndProject
Project("{9A19103F-16F7-4668-BE54-9A1E7A4F7556}") = "JoeScan.LogScanner.LogReview", "JoeScan.LogScanner.LogReview\JoeScan.LogScanner.LogReview.csproj", "{2F4DB1CA-166F-4C55-90ED-65190E94FCD8}"
EndProject
Project("{9A19103F-16F7-4668-BE54-9A1E7A4F7556}") = "JoeScan.LogScanner.Desktop", "JoeScan.LogScanner.Desktop\JoeScan.LogScanner.Desktop.csproj", "{D696C5D1-9F00-4C63-B765-7BDB5F06C174}"
EndProject
Project("{9A19103F-16F7-4668-BE54-9A1E7A4F7556}") = "JoeScan.LogScanner.Js25", "adapters\JoeScan.LogScanner.Js25\JoeScan.LogScanner.Js25.csproj", "{9696C282-82AA-4FCF-8F18-1E1128F80382}"
EndProject
Project("{9A19103F-16F7-4668-BE54-9A1E7A4F7556}") = "JoeScan.LogScanner.SyntheticDataAdapter", "adapters\JoeScan.LogScanner.SyntheticDataAdapter\JoeScan.LogScanner.SyntheticDataAdapter.csproj", "{FBB71CEC-67ED-4239-9996-2528ED97F696}"
EndProject
Project("{9A19103F-16F7-4668-BE54-9A1E7A4F7556}") = "JoeScan.LogScanner.Replay", "adapters\JoeScan.LogScanner.Replay\JoeScan.LogScanner.Replay.csproj", "{665D20B0-BAA4-494D-920F-2A95B0D2DB47}"
EndProject
Project("{2150E333-8FDC-42A3-9474-1A3956D46DE8}") = "Plugins", "Plugins", "{494F7F99-ABDF-4921-B0D6-2C3BFFCB15C8}"
EndProject
Project("{2150E333-8FDC-42A3-9474-1A3956D46DE8}") = "Tools", "Tools", "{EEEB4DCE-B6A3-4D78-9B97-818D9F9D0163}"
EndProject
Project("{9A19103F-16F7-4668-BE54-9A1E7A4F7556}") = "JoeScan.LogScanner.Js50", "adapters\JoeScan.LogScanner.JS50\JoeScan.LogScanner.Js50.csproj", "{A1C4E38E-C42F-4427-9D07-2EFC76D83F94}"
EndProject
Project("{9A19103F-16F7-4668-BE54-9A1E7A4F7556}") = "ProblemLogArchiver", "plugins\ProblemLogArchiver\ProblemLogArchiver.csproj", "{42B03969-07F8-491C-B79F-24E695956B64}"
EndProject
Global
	GlobalSection(SolutionConfigurationPlatforms) = preSolution
		Debug|Any CPU = Debug|Any CPU
		Debug|x64 = Debug|x64
		Debug|x86 = Debug|x86
		Release|Any CPU = Release|Any CPU
		Release|x64 = Release|x64
		Release|x86 = Release|x86
	EndGlobalSection
	GlobalSection(ProjectConfigurationPlatforms) = postSolution
		{247D23F7-981E-4875-9623-AE2BFD691241}.Debug|Any CPU.ActiveCfg = Debug|Any CPU
		{247D23F7-981E-4875-9623-AE2BFD691241}.Debug|Any CPU.Build.0 = Debug|Any CPU
		{247D23F7-981E-4875-9623-AE2BFD691241}.Debug|x64.ActiveCfg = Debug|Any CPU
		{247D23F7-981E-4875-9623-AE2BFD691241}.Debug|x64.Build.0 = Debug|Any CPU
		{247D23F7-981E-4875-9623-AE2BFD691241}.Debug|x86.ActiveCfg = Debug|Any CPU
		{247D23F7-981E-4875-9623-AE2BFD691241}.Debug|x86.Build.0 = Debug|Any CPU
		{247D23F7-981E-4875-9623-AE2BFD691241}.Release|Any CPU.ActiveCfg = Release|Any CPU
		{247D23F7-981E-4875-9623-AE2BFD691241}.Release|Any CPU.Build.0 = Release|Any CPU
		{247D23F7-981E-4875-9623-AE2BFD691241}.Release|x64.ActiveCfg = Release|Any CPU
		{247D23F7-981E-4875-9623-AE2BFD691241}.Release|x64.Build.0 = Release|Any CPU
		{247D23F7-981E-4875-9623-AE2BFD691241}.Release|x86.ActiveCfg = Release|Any CPU
		{247D23F7-981E-4875-9623-AE2BFD691241}.Release|x86.Build.0 = Release|Any CPU
		{680E7FBB-3D78-48E7-8E12-F7C1EF729ADC}.Debug|Any CPU.ActiveCfg = Debug|Any CPU
		{680E7FBB-3D78-48E7-8E12-F7C1EF729ADC}.Debug|Any CPU.Build.0 = Debug|Any CPU
		{680E7FBB-3D78-48E7-8E12-F7C1EF729ADC}.Debug|x64.ActiveCfg = Debug|Any CPU
		{680E7FBB-3D78-48E7-8E12-F7C1EF729ADC}.Debug|x64.Build.0 = Debug|Any CPU
		{680E7FBB-3D78-48E7-8E12-F7C1EF729ADC}.Debug|x86.ActiveCfg = Debug|Any CPU
		{680E7FBB-3D78-48E7-8E12-F7C1EF729ADC}.Debug|x86.Build.0 = Debug|Any CPU
		{680E7FBB-3D78-48E7-8E12-F7C1EF729ADC}.Release|Any CPU.ActiveCfg = Release|Any CPU
		{680E7FBB-3D78-48E7-8E12-F7C1EF729ADC}.Release|Any CPU.Build.0 = Release|Any CPU
		{680E7FBB-3D78-48E7-8E12-F7C1EF729ADC}.Release|x64.ActiveCfg = Release|Any CPU
		{680E7FBB-3D78-48E7-8E12-F7C1EF729ADC}.Release|x64.Build.0 = Release|Any CPU
		{680E7FBB-3D78-48E7-8E12-F7C1EF729ADC}.Release|x86.ActiveCfg = Release|Any CPU
		{680E7FBB-3D78-48E7-8E12-F7C1EF729ADC}.Release|x86.Build.0 = Release|Any CPU
		{CC39FCDA-995E-4FC8-974B-3CC38EB35CB5}.Debug|Any CPU.ActiveCfg = Debug|Any CPU
		{CC39FCDA-995E-4FC8-974B-3CC38EB35CB5}.Debug|Any CPU.Build.0 = Debug|Any CPU
		{CC39FCDA-995E-4FC8-974B-3CC38EB35CB5}.Debug|x64.ActiveCfg = Debug|Any CPU
		{CC39FCDA-995E-4FC8-974B-3CC38EB35CB5}.Debug|x64.Build.0 = Debug|Any CPU
		{CC39FCDA-995E-4FC8-974B-3CC38EB35CB5}.Debug|x86.ActiveCfg = Debug|Any CPU
		{CC39FCDA-995E-4FC8-974B-3CC38EB35CB5}.Debug|x86.Build.0 = Debug|Any CPU
		{CC39FCDA-995E-4FC8-974B-3CC38EB35CB5}.Release|Any CPU.ActiveCfg = Release|Any CPU
		{CC39FCDA-995E-4FC8-974B-3CC38EB35CB5}.Release|Any CPU.Build.0 = Release|Any CPU
		{CC39FCDA-995E-4FC8-974B-3CC38EB35CB5}.Release|x64.ActiveCfg = Release|Any CPU
		{CC39FCDA-995E-4FC8-974B-3CC38EB35CB5}.Release|x64.Build.0 = Release|Any CPU
		{CC39FCDA-995E-4FC8-974B-3CC38EB35CB5}.Release|x86.ActiveCfg = Release|Any CPU
		{CC39FCDA-995E-4FC8-974B-3CC38EB35CB5}.Release|x86.Build.0 = Release|Any CPU
		{D0A5053C-FCF7-475B-BCAB-0CEDCE3C1BB3}.Debug|Any CPU.ActiveCfg = Debug|Any CPU
		{D0A5053C-FCF7-475B-BCAB-0CEDCE3C1BB3}.Debug|Any CPU.Build.0 = Debug|Any CPU
		{D0A5053C-FCF7-475B-BCAB-0CEDCE3C1BB3}.Debug|x64.ActiveCfg = Debug|Any CPU
		{D0A5053C-FCF7-475B-BCAB-0CEDCE3C1BB3}.Debug|x64.Build.0 = Debug|Any CPU
		{D0A5053C-FCF7-475B-BCAB-0CEDCE3C1BB3}.Debug|x86.ActiveCfg = Debug|Any CPU
		{D0A5053C-FCF7-475B-BCAB-0CEDCE3C1BB3}.Debug|x86.Build.0 = Debug|Any CPU
		{D0A5053C-FCF7-475B-BCAB-0CEDCE3C1BB3}.Release|Any CPU.ActiveCfg = Release|Any CPU
		{D0A5053C-FCF7-475B-BCAB-0CEDCE3C1BB3}.Release|Any CPU.Build.0 = Release|Any CPU
		{D0A5053C-FCF7-475B-BCAB-0CEDCE3C1BB3}.Release|x64.ActiveCfg = Release|Any CPU
		{D0A5053C-FCF7-475B-BCAB-0CEDCE3C1BB3}.Release|x64.Build.0 = Release|Any CPU
		{D0A5053C-FCF7-475B-BCAB-0CEDCE3C1BB3}.Release|x86.ActiveCfg = Release|Any CPU
		{D0A5053C-FCF7-475B-BCAB-0CEDCE3C1BB3}.Release|x86.Build.0 = Release|Any CPU
		{2F4DB1CA-166F-4C55-90ED-65190E94FCD8}.Debug|Any CPU.ActiveCfg = Debug|Any CPU
		{2F4DB1CA-166F-4C55-90ED-65190E94FCD8}.Debug|Any CPU.Build.0 = Debug|Any CPU
		{2F4DB1CA-166F-4C55-90ED-65190E94FCD8}.Debug|x64.ActiveCfg = Debug|Any CPU
		{2F4DB1CA-166F-4C55-90ED-65190E94FCD8}.Debug|x64.Build.0 = Debug|Any CPU
		{2F4DB1CA-166F-4C55-90ED-65190E94FCD8}.Debug|x86.ActiveCfg = Debug|Any CPU
		{2F4DB1CA-166F-4C55-90ED-65190E94FCD8}.Debug|x86.Build.0 = Debug|Any CPU
		{2F4DB1CA-166F-4C55-90ED-65190E94FCD8}.Release|Any CPU.ActiveCfg = Release|Any CPU
		{2F4DB1CA-166F-4C55-90ED-65190E94FCD8}.Release|Any CPU.Build.0 = Release|Any CPU
		{2F4DB1CA-166F-4C55-90ED-65190E94FCD8}.Release|x64.ActiveCfg = Release|Any CPU
		{2F4DB1CA-166F-4C55-90ED-65190E94FCD8}.Release|x64.Build.0 = Release|Any CPU
		{2F4DB1CA-166F-4C55-90ED-65190E94FCD8}.Release|x86.ActiveCfg = Release|Any CPU
		{2F4DB1CA-166F-4C55-90ED-65190E94FCD8}.Release|x86.Build.0 = Release|Any CPU
		{D696C5D1-9F00-4C63-B765-7BDB5F06C174}.Debug|Any CPU.ActiveCfg = Debug|Any CPU
		{D696C5D1-9F00-4C63-B765-7BDB5F06C174}.Debug|Any CPU.Build.0 = Debug|Any CPU
		{D696C5D1-9F00-4C63-B765-7BDB5F06C174}.Debug|x64.ActiveCfg = Debug|Any CPU
		{D696C5D1-9F00-4C63-B765-7BDB5F06C174}.Debug|x64.Build.0 = Debug|Any CPU
		{D696C5D1-9F00-4C63-B765-7BDB5F06C174}.Debug|x86.ActiveCfg = Debug|Any CPU
		{D696C5D1-9F00-4C63-B765-7BDB5F06C174}.Debug|x86.Build.0 = Debug|Any CPU
		{D696C5D1-9F00-4C63-B765-7BDB5F06C174}.Release|Any CPU.ActiveCfg = Release|Any CPU
		{D696C5D1-9F00-4C63-B765-7BDB5F06C174}.Release|Any CPU.Build.0 = Release|Any CPU
		{D696C5D1-9F00-4C63-B765-7BDB5F06C174}.Release|x64.ActiveCfg = Release|Any CPU
		{D696C5D1-9F00-4C63-B765-7BDB5F06C174}.Release|x64.Build.0 = Release|Any CPU
		{D696C5D1-9F00-4C63-B765-7BDB5F06C174}.Release|x86.ActiveCfg = Release|Any CPU
		{D696C5D1-9F00-4C63-B765-7BDB5F06C174}.Release|x86.Build.0 = Release|Any CPU
		{9696C282-82AA-4FCF-8F18-1E1128F80382}.Debug|Any CPU.ActiveCfg = Debug|Any CPU
		{9696C282-82AA-4FCF-8F18-1E1128F80382}.Debug|Any CPU.Build.0 = Debug|Any CPU
		{9696C282-82AA-4FCF-8F18-1E1128F80382}.Debug|x64.ActiveCfg = Debug|Any CPU
		{9696C282-82AA-4FCF-8F18-1E1128F80382}.Debug|x64.Build.0 = Debug|Any CPU
		{9696C282-82AA-4FCF-8F18-1E1128F80382}.Debug|x86.ActiveCfg = Debug|Any CPU
		{9696C282-82AA-4FCF-8F18-1E1128F80382}.Debug|x86.Build.0 = Debug|Any CPU
		{9696C282-82AA-4FCF-8F18-1E1128F80382}.Release|Any CPU.ActiveCfg = Release|Any CPU
		{9696C282-82AA-4FCF-8F18-1E1128F80382}.Release|Any CPU.Build.0 = Release|Any CPU
		{9696C282-82AA-4FCF-8F18-1E1128F80382}.Release|x64.ActiveCfg = Release|Any CPU
		{9696C282-82AA-4FCF-8F18-1E1128F80382}.Release|x64.Build.0 = Release|Any CPU
		{9696C282-82AA-4FCF-8F18-1E1128F80382}.Release|x86.ActiveCfg = Release|Any CPU
		{9696C282-82AA-4FCF-8F18-1E1128F80382}.Release|x86.Build.0 = Release|Any CPU
		{FBB71CEC-67ED-4239-9996-2528ED97F696}.Debug|Any CPU.ActiveCfg = Debug|Any CPU
		{FBB71CEC-67ED-4239-9996-2528ED97F696}.Debug|Any CPU.Build.0 = Debug|Any CPU
		{FBB71CEC-67ED-4239-9996-2528ED97F696}.Debug|x64.ActiveCfg = Debug|Any CPU
		{FBB71CEC-67ED-4239-9996-2528ED97F696}.Debug|x64.Build.0 = Debug|Any CPU
		{FBB71CEC-67ED-4239-9996-2528ED97F696}.Debug|x86.ActiveCfg = Debug|Any CPU
		{FBB71CEC-67ED-4239-9996-2528ED97F696}.Debug|x86.Build.0 = Debug|Any CPU
		{FBB71CEC-67ED-4239-9996-2528ED97F696}.Release|Any CPU.ActiveCfg = Release|Any CPU
		{FBB71CEC-67ED-4239-9996-2528ED97F696}.Release|Any CPU.Build.0 = Release|Any CPU
		{FBB71CEC-67ED-4239-9996-2528ED97F696}.Release|x64.ActiveCfg = Release|Any CPU
		{FBB71CEC-67ED-4239-9996-2528ED97F696}.Release|x64.Build.0 = Release|Any CPU
		{FBB71CEC-67ED-4239-9996-2528ED97F696}.Release|x86.ActiveCfg = Release|Any CPU
		{FBB71CEC-67ED-4239-9996-2528ED97F696}.Release|x86.Build.0 = Release|Any CPU
		{665D20B0-BAA4-494D-920F-2A95B0D2DB47}.Debug|Any CPU.ActiveCfg = Debug|Any CPU
		{665D20B0-BAA4-494D-920F-2A95B0D2DB47}.Debug|Any CPU.Build.0 = Debug|Any CPU
		{665D20B0-BAA4-494D-920F-2A95B0D2DB47}.Debug|x64.ActiveCfg = Debug|Any CPU
		{665D20B0-BAA4-494D-920F-2A95B0D2DB47}.Debug|x64.Build.0 = Debug|Any CPU
		{665D20B0-BAA4-494D-920F-2A95B0D2DB47}.Debug|x86.ActiveCfg = Debug|Any CPU
		{665D20B0-BAA4-494D-920F-2A95B0D2DB47}.Debug|x86.Build.0 = Debug|Any CPU
		{665D20B0-BAA4-494D-920F-2A95B0D2DB47}.Release|Any CPU.ActiveCfg = Release|Any CPU
		{665D20B0-BAA4-494D-920F-2A95B0D2DB47}.Release|Any CPU.Build.0 = Release|Any CPU
		{665D20B0-BAA4-494D-920F-2A95B0D2DB47}.Release|x64.ActiveCfg = Release|Any CPU
		{665D20B0-BAA4-494D-920F-2A95B0D2DB47}.Release|x64.Build.0 = Release|Any CPU
		{665D20B0-BAA4-494D-920F-2A95B0D2DB47}.Release|x86.ActiveCfg = Release|Any CPU
		{665D20B0-BAA4-494D-920F-2A95B0D2DB47}.Release|x86.Build.0 = Release|Any CPU
		{A1C4E38E-C42F-4427-9D07-2EFC76D83F94}.Debug|Any CPU.ActiveCfg = Debug|Any CPU
		{A1C4E38E-C42F-4427-9D07-2EFC76D83F94}.Debug|Any CPU.Build.0 = Debug|Any CPU
		{A1C4E38E-C42F-4427-9D07-2EFC76D83F94}.Debug|x64.ActiveCfg = Debug|Any CPU
		{A1C4E38E-C42F-4427-9D07-2EFC76D83F94}.Debug|x64.Build.0 = Debug|Any CPU
		{A1C4E38E-C42F-4427-9D07-2EFC76D83F94}.Debug|x86.ActiveCfg = Debug|Any CPU
		{A1C4E38E-C42F-4427-9D07-2EFC76D83F94}.Debug|x86.Build.0 = Debug|Any CPU
		{A1C4E38E-C42F-4427-9D07-2EFC76D83F94}.Release|Any CPU.ActiveCfg = Release|Any CPU
		{A1C4E38E-C42F-4427-9D07-2EFC76D83F94}.Release|Any CPU.Build.0 = Release|Any CPU
		{A1C4E38E-C42F-4427-9D07-2EFC76D83F94}.Release|x64.ActiveCfg = Release|Any CPU
		{A1C4E38E-C42F-4427-9D07-2EFC76D83F94}.Release|x64.Build.0 = Release|Any CPU
		{A1C4E38E-C42F-4427-9D07-2EFC76D83F94}.Release|x86.ActiveCfg = Release|Any CPU
		{A1C4E38E-C42F-4427-9D07-2EFC76D83F94}.Release|x86.Build.0 = Release|Any CPU
		{42B03969-07F8-491C-B79F-24E695956B64}.Debug|Any CPU.ActiveCfg = Debug|Any CPU
		{42B03969-07F8-491C-B79F-24E695956B64}.Debug|Any CPU.Build.0 = Debug|Any CPU
		{42B03969-07F8-491C-B79F-24E695956B64}.Debug|x64.ActiveCfg = Debug|Any CPU
		{42B03969-07F8-491C-B79F-24E695956B64}.Debug|x64.Build.0 = Debug|Any CPU
		{42B03969-07F8-491C-B79F-24E695956B64}.Debug|x86.ActiveCfg = Debug|Any CPU
		{42B03969-07F8-491C-B79F-24E695956B64}.Debug|x86.Build.0 = Debug|Any CPU
		{42B03969-07F8-491C-B79F-24E695956B64}.Release|Any CPU.ActiveCfg = Release|Any CPU
		{42B03969-07F8-491C-B79F-24E695956B64}.Release|Any CPU.Build.0 = Release|Any CPU
		{42B03969-07F8-491C-B79F-24E695956B64}.Release|x64.ActiveCfg = Release|Any CPU
		{42B03969-07F8-491C-B79F-24E695956B64}.Release|x64.Build.0 = Release|Any CPU
		{42B03969-07F8-491C-B79F-24E695956B64}.Release|x86.ActiveCfg = Release|Any CPU
		{42B03969-07F8-491C-B79F-24E695956B64}.Release|x86.Build.0 = Release|Any CPU
	EndGlobalSection
	GlobalSection(SolutionProperties) = preSolution
		HideSolutionNode = FALSE
	EndGlobalSection
	GlobalSection(NestedProjects) = preSolution
		{9696C282-82AA-4FCF-8F18-1E1128F80382} = {AAE979EA-E80F-4784-9503-2176681A6F36}
		{FBB71CEC-67ED-4239-9996-2528ED97F696} = {AAE979EA-E80F-4784-9503-2176681A6F36}
		{665D20B0-BAA4-494D-920F-2A95B0D2DB47} = {AAE979EA-E80F-4784-9503-2176681A6F36}
		{A1C4E38E-C42F-4427-9D07-2EFC76D83F94} = {AAE979EA-E80F-4784-9503-2176681A6F36}
		{42B03969-07F8-491C-B79F-24E695956B64} = {494F7F99-ABDF-4921-B0D6-2C3BFFCB15C8}
	EndGlobalSection
	GlobalSection(ExtensibilityGlobals) = postSolution
		SolutionGuid = {4D4EBC3D-D5FA-4C40-81D2-52BC16A6F200}
	EndGlobalSection
EndGlobal
